
Microsoft Visual Studio Solution File, Format Version 12.00
Project("{FAE04EC0-301F-11D3-BF4B-00C04F79EFBC}") = "SmilingCup-Backend", "SmilingCup-Backend\SmilingCup-Backend.csproj", "{6E154524-83CE-439B-AB79-887D3E12BE66}"
EndProject
Global
	GlobalSection(SolutionConfigurationPlatforms) = preSolution
		Debug|Any CPU = Debug|Any CPU
		Release|Any CPU = Release|Any CPU
	EndGlobalSection
	GlobalSection(ProjectConfigurationPlatforms) = postSolution
		{6E154524-83CE-439B-AB79-887D3E12BE66}.Debug|Any CPU.ActiveCfg = Debug|Any CPU
		{6E154524-83CE-439B-AB79-887D3E12BE66}.Debug|Any CPU.Build.0 = Debug|Any CPU
		{6E154524-83CE-439B-AB79-887D3E12BE66}.Release|Any CPU.ActiveCfg = Release|Any CPU
		{6E154524-83CE-439B-AB79-887D3E12BE66}.Release|Any CPU.Build.0 = Release|Any CPU
	EndGlobalSection
EndGlobal
